// !$*UTF8*$!
{
	archiveVersion = 1;
	classes = {
	};
	objectVersion = 50;
	objects = {

/* Begin PBXBuildFile section */
		34CBEA4A21C2A43000AE516B /* AppDelegate.swift in Sources */ = {isa = PBXBuildFile; fileRef = 34CBEA4921C2A43000AE516B /* AppDelegate.swift */; };
		34CBEA4C21C2A43000AE516B /* ViewController.swift in Sources */ = {isa = PBXBuildFile; fileRef = 34CBEA4B21C2A43000AE516B /* ViewController.swift */; };
		34CBEA4F21C2A43000AE516B /* Main.storyboard in Resources */ = {isa = PBXBuildFile; fileRef = 34CBEA4D21C2A43000AE516B /* Main.storyboard */; };
		34CBEA5121C2A43000AE516B /* Assets.xcassets in Resources */ = {isa = PBXBuildFile; fileRef = 34CBEA5021C2A43000AE516B /* Assets.xcassets */; };
		34CBEA5421C2A43000AE516B /* LaunchScreen.storyboard in Resources */ = {isa = PBXBuildFile; fileRef = 34CBEA5221C2A43000AE516B /* LaunchScreen.storyboard */; };
		34CBEA5F21C2A43000AE516B /* xcodeserverTests.swift in Sources */ = {isa = PBXBuildFile; fileRef = 34CBEA5E21C2A43000AE516B /* xcodeserverTests.swift */; };
/* End PBXBuildFile section */

/* Begin PBXContainerItemProxy section */
		34CBEA5B21C2A43000AE516B /* PBXContainerItemProxy */ = {
			isa = PBXContainerItemProxy;
			containerPortal = 34CBEA3E21C2A43000AE516B /* Project object */;
			proxyType = 1;
			remoteGlobalIDString = 34CBEA4521C2A43000AE516B;
			remoteInfo = xcodeserver;
		};
/* End PBXContainerItemProxy section */

/* Begin PBXFileReference section */
		34CBEA4621C2A43000AE516B /* xcodeserver.app */ = {isa = PBXFileReference; explicitFileType = wrapper.application; includeInIndex = 0; path = xcodeserver.app; sourceTree = BUILT_PRODUCTS_DIR; };
		34CBEA4921C2A43000AE516B /* AppDelegate.swift */ = {isa = PBXFileReference; lastKnownFileType = sourcecode.swift; path = AppDelegate.swift; sourceTree = "<group>"; };
		34CBEA4B21C2A43000AE516B /* ViewController.swift */ = {isa = PBXFileReference; lastKnownFileType = sourcecode.swift; path = ViewController.swift; sourceTree = "<group>"; };
		34CBEA4E21C2A43000AE516B /* Base */ = {isa = PBXFileReference; lastKnownFileType = file.storyboard; name = Base; path = Base.lproj/Main.storyboard; sourceTree = "<group>"; };
		34CBEA5021C2A43000AE516B /* Assets.xcassets */ = {isa = PBXFileReference; lastKnownFileType = folder.assetcatalog; path = Assets.xcassets; sourceTree = "<group>"; };
		34CBEA5321C2A43000AE516B /* Base */ = {isa = PBXFileReference; lastKnownFileType = file.storyboard; name = Base; path = Base.lproj/LaunchScreen.storyboard; sourceTree = "<group>"; };
		34CBEA5521C2A43000AE516B /* Info.plist */ = {isa = PBXFileReference; lastKnownFileType = text.plist.xml; path = Info.plist; sourceTree = "<group>"; };
		34CBEA5A21C2A43000AE516B /* xcodeserverTests.xctest */ = {isa = PBXFileReference; explicitFileType = wrapper.cfbundle; includeInIndex = 0; path = xcodeserverTests.xctest; sourceTree = BUILT_PRODUCTS_DIR; };
		34CBEA5E21C2A43000AE516B /* xcodeserverTests.swift */ = {isa = PBXFileReference; lastKnownFileType = sourcecode.swift; path = xcodeserverTests.swift; sourceTree = "<group>"; };
		34CBEA6021C2A43000AE516B /* Info.plist */ = {isa = PBXFileReference; lastKnownFileType = text.plist.xml; path = Info.plist; sourceTree = "<group>"; };
/* End PBXFileReference section */

/* Begin PBXFrameworksBuildPhase section */
		34CBEA4321C2A43000AE516B /* Frameworks */ = {
			isa = PBXFrameworksBuildPhase;
			buildActionMask = 2147483647;
			files = (
			);
			runOnlyForDeploymentPostprocessing = 0;
		};
		34CBEA5721C2A43000AE516B /* Frameworks */ = {
			isa = PBXFrameworksBuildPhase;
			buildActionMask = 2147483647;
			files = (
			);
			runOnlyForDeploymentPostprocessing = 0;
		};
/* End PBXFrameworksBuildPhase section */

/* Begin PBXGroup section */
		34CBEA3D21C2A43000AE516B = {
			isa = PBXGroup;
			children = (
				34CBEA4821C2A43000AE516B /* xcodeserver */,
				34CBEA5D21C2A43000AE516B /* xcodeserverTests */,
				34CBEA4721C2A43000AE516B /* Products */,
			);
			sourceTree = "<group>";
		};
		34CBEA4721C2A43000AE516B /* Products */ = {
			isa = PBXGroup;
			children = (
				34CBEA4621C2A43000AE516B /* xcodeserver.app */,
				34CBEA5A21C2A43000AE516B /* xcodeserverTests.xctest */,
			);
			name = Products;
			sourceTree = "<group>";
		};
		34CBEA4821C2A43000AE516B /* xcodeserver */ = {
			isa = PBXGroup;
			children = (
				34CBEA4921C2A43000AE516B /* AppDelegate.swift */,
				34CBEA4B21C2A43000AE516B /* ViewController.swift */,
				34CBEA4D21C2A43000AE516B /* Main.storyboard */,
				34CBEA5021C2A43000AE516B /* Assets.xcassets */,
				34CBEA5221C2A43000AE516B /* LaunchScreen.storyboard */,
				34CBEA5521C2A43000AE516B /* Info.plist */,
			);
			path = xcodeserver;
			sourceTree = "<group>";
		};
		34CBEA5D21C2A43000AE516B /* xcodeserverTests */ = {
			isa = PBXGroup;
			children = (
				34CBEA5E21C2A43000AE516B /* xcodeserverTests.swift */,
				34CBEA6021C2A43000AE516B /* Info.plist */,
			);
			path = xcodeserverTests;
			sourceTree = "<group>";
		};
/* End PBXGroup section */

/* Begin PBXNativeTarget section */
		34CBEA4521C2A43000AE516B /* xcodeserver */ = {
			isa = PBXNativeTarget;
			buildConfigurationList = 34CBEA6321C2A43000AE516B /* Build configuration list for PBXNativeTarget "xcodeserver" */;
			buildPhases = (
				34CBEA4221C2A43000AE516B /* Sources */,
				34CBEA4321C2A43000AE516B /* Frameworks */,
				34CBEA4421C2A43000AE516B /* Resources */,
			);
			buildRules = (
			);
			dependencies = (
			);
			name = xcodeserver;
			productName = xcodeserver;
			productReference = 34CBEA4621C2A43000AE516B /* xcodeserver.app */;
			productType = "com.apple.product-type.application";
		};
		34CBEA5921C2A43000AE516B /* xcodeserverTests */ = {
			isa = PBXNativeTarget;
			buildConfigurationList = 34CBEA6621C2A43000AE516B /* Build configuration list for PBXNativeTarget "xcodeserverTests" */;
			buildPhases = (
				34CBEA5621C2A43000AE516B /* Sources */,
				34CBEA5721C2A43000AE516B /* Frameworks */,
				34CBEA5821C2A43000AE516B /* Resources */,
			);
			buildRules = (
			);
			dependencies = (
				34CBEA5C21C2A43000AE516B /* PBXTargetDependency */,
			);
			name = xcodeserverTests;
			productName = xcodeserverTests;
			productReference = 34CBEA5A21C2A43000AE516B /* xcodeserverTests.xctest */;
			productType = "com.apple.product-type.bundle.unit-test";
		};
/* End PBXNativeTarget section */

/* Begin PBXProject section */
		34CBEA3E21C2A43000AE516B /* Project object */ = {
			isa = PBXProject;
			attributes = {
				LastSwiftUpdateCheck = 1010;
				LastUpgradeCheck = 1010;
				ORGANIZATIONNAME = "milan de Ruiter";
				TargetAttributes = {
					34CBEA4521C2A43000AE516B = {
						CreatedOnToolsVersion = 10.1;
					};
					34CBEA5921C2A43000AE516B = {
						CreatedOnToolsVersion = 10.1;
						TestTargetID = 34CBEA4521C2A43000AE516B;
					};
				};
			};
			buildConfigurationList = 34CBEA4121C2A43000AE516B /* Build configuration list for PBXProject "xcodeserver" */;
			compatibilityVersion = "Xcode 9.3";
			developmentRegion = en;
			hasScannedForEncodings = 0;
			knownRegions = (
				en,
				Base,
			);
			mainGroup = 34CBEA3D21C2A43000AE516B;
			productRefGroup = 34CBEA4721C2A43000AE516B /* Products */;
			projectDirPath = "";
			projectRoot = "";
			targets = (
				34CBEA4521C2A43000AE516B /* xcodeserver */,
				34CBEA5921C2A43000AE516B /* xcodeserverTests */,
			);
		};
/* End PBXProject section */

/* Begin PBXResourcesBuildPhase section */
		34CBEA4421C2A43000AE516B /* Resources */ = {
			isa = PBXResourcesBuildPhase;
			buildActionMask = 2147483647;
			files = (
				34CBEA5421C2A43000AE516B /* LaunchScreen.storyboard in Resources */,
				34CBEA5121C2A43000AE516B /* Assets.xcassets in Resources */,
				34CBEA4F21C2A43000AE516B /* Main.storyboard in Resources */,
			);
			runOnlyForDeploymentPostprocessing = 0;
		};
		34CBEA5821C2A43000AE516B /* Resources */ = {
			isa = PBXResourcesBuildPhase;
			buildActionMask = 2147483647;
			files = (
			);
			runOnlyForDeploymentPostprocessing = 0;
		};
/* End PBXResourcesBuildPhase section */

/* Begin PBXSourcesBuildPhase section */
		34CBEA4221C2A43000AE516B /* Sources */ = {
			isa = PBXSourcesBuildPhase;
			buildActionMask = 2147483647;
			files = (
				34CBEA4C21C2A43000AE516B /* ViewController.swift in Sources */,
				34CBEA4A21C2A43000AE516B /* AppDelegate.swift in Sources */,
			);
			runOnlyForDeploymentPostprocessing = 0;
		};
		34CBEA5621C2A43000AE516B /* Sources */ = {
			isa = PBXSourcesBuildPhase;
			buildActionMask = 2147483647;
			files = (
				34CBEA5F21C2A43000AE516B /* xcodeserverTests.swift in Sources */,
			);
			runOnlyForDeploymentPostprocessing = 0;
		};
/* End PBXSourcesBuildPhase section */

/* Begin PBXTargetDependency section */
		34CBEA5C21C2A43000AE516B /* PBXTargetDependency */ = {
			isa = PBXTargetDependency;
			target = 34CBEA4521C2A43000AE516B /* xcodeserver */;
			targetProxy = 34CBEA5B21C2A43000AE516B /* PBXContainerItemProxy */;
		};
/* End PBXTargetDependency section */

/* Begin PBXVariantGroup section */
		34CBEA4D21C2A43000AE516B /* Main.storyboard */ = {
			isa = PBXVariantGroup;
			children = (
				34CBEA4E21C2A43000AE516B /* Base */,
			);
			name = Main.storyboard;
			sourceTree = "<group>";
		};
		34CBEA5221C2A43000AE516B /* LaunchScreen.storyboard */ = {
			isa = PBXVariantGroup;
			children = (
				34CBEA5321C2A43000AE516B /* Base */,
			);
			name = LaunchScreen.storyboard;
			sourceTree = "<group>";
		};
/* End PBXVariantGroup section */

/* Begin XCBuildConfiguration section */
		34CBEA6121C2A43000AE516B /* Debug */ = {
			isa = XCBuildConfiguration;
			buildSettings = {
				ALWAYS_SEARCH_USER_PATHS = NO;
				CLANG_ANALYZER_NONNULL = YES;
				CLANG_ANALYZER_NUMBER_OBJECT_CONVERSION = YES_AGGRESSIVE;
				CLANG_CXX_LANGUAGE_STANDARD = "gnu++14";
				CLANG_CXX_LIBRARY = "libc++";
				CLANG_ENABLE_MODULES = YES;
				CLANG_ENABLE_OBJC_ARC = YES;
				CLANG_ENABLE_OBJC_WEAK = YES;
				CLANG_WARN_BLOCK_CAPTURE_AUTORELEASING = YES;
				CLANG_WARN_BOOL_CONVERSION = YES;
				CLANG_WARN_COMMA = YES;
				CLANG_WARN_CONSTANT_CONVERSION = YES;
				CLANG_WARN_DEPRECATED_OBJC_IMPLEMENTATIONS = YES;
				CLANG_WARN_DIRECT_OBJC_ISA_USAGE = YES_ERROR;
				CLANG_WARN_DOCUMENTATION_COMMENTS = YES;
				CLANG_WARN_EMPTY_BODY = YES;
				CLANG_WARN_ENUM_CONVERSION = YES;
				CLANG_WARN_INFINITE_RECURSION = YES;
				CLANG_WARN_INT_CONVERSION = YES;
				CLANG_WARN_NON_LITERAL_NULL_CONVERSION = YES;
				CLANG_WARN_OBJC_IMPLICIT_RETAIN_SELF = YES;
				CLANG_WARN_OBJC_LITERAL_CONVERSION = YES;
				CLANG_WARN_OBJC_ROOT_CLASS = YES_ERROR;
				CLANG_WARN_RANGE_LOOP_ANALYSIS = YES;
				CLANG_WARN_STRICT_PROTOTYPES = YES;
				CLANG_WARN_SUSPICIOUS_MOVE = YES;
				CLANG_WARN_UNGUARDED_AVAILABILITY = YES_AGGRESSIVE;
				CLANG_WARN_UNREACHABLE_CODE = YES;
				CLANG_WARN__DUPLICATE_METHOD_MATCH = YES;
				CODE_SIGN_IDENTITY = "iPhone Developer";
				COPY_PHASE_STRIP = NO;
				DEBUG_INFORMATION_FORMAT = dwarf;
				ENABLE_STRICT_OBJC_MSGSEND = YES;
				ENABLE_TESTABILITY = YES;
				GCC_C_LANGUAGE_STANDARD = gnu11;
				GCC_DYNAMIC_NO_PIC = NO;
				GCC_NO_COMMON_BLOCKS = YES;
				GCC_OPTIMIZATION_LEVEL = 0;
				GCC_PREPROCESSOR_DEFINITIONS = (
					"DEBUG=1",
					"$(inherited)",
				);
				GCC_WARN_64_TO_32_BIT_CONVERSION = YES;
				GCC_WARN_ABOUT_RETURN_TYPE = YES_ERROR;
				GCC_WARN_UNDECLARED_SELECTOR = YES;
				GCC_WARN_UNINITIALIZED_AUTOS = YES_AGGRESSIVE;
				GCC_WARN_UNUSED_FUNCTION = YES;
				GCC_WARN_UNUSED_VARIABLE = YES;
				IPHONEOS_DEPLOYMENT_TARGET = 12.1;
				MTL_ENABLE_DEBUG_INFO = INCLUDE_SOURCE;
				MTL_FAST_MATH = YES;
				ONLY_ACTIVE_ARCH = YES;
				SDKROOT = iphoneos;
				SWIFT_ACTIVE_COMPILATION_CONDITIONS = DEBUG;
				SWIFT_OPTIMIZATION_LEVEL = "-Onone";
			};
			name = Debug;
		};
		34CBEA6221C2A43000AE516B /* Release */ = {
			isa = XCBuildConfiguration;
			buildSettings = {
				ALWAYS_SEARCH_USER_PATHS = NO;
				CLANG_ANALYZER_NONNULL = YES;
				CLANG_ANALYZER_NUMBER_OBJECT_CONVERSION = YES_AGGRESSIVE;
				CLANG_CXX_LANGUAGE_STANDARD = "gnu++14";
				CLANG_CXX_LIBRARY = "libc++";
				CLANG_ENABLE_MODULES = YES;
				CLANG_ENABLE_OBJC_ARC = YES;
				CLANG_ENABLE_OBJC_WEAK = YES;
				CLANG_WARN_BLOCK_CAPTURE_AUTORELEASING = YES;
				CLANG_WARN_BOOL_CONVERSION = YES;
				CLANG_WARN_COMMA = YES;
				CLANG_WARN_CONSTANT_CONVERSION = YES;
				CLANG_WARN_DEPRECATED_OBJC_IMPLEMENTATIONS = YES;
				CLANG_WARN_DIRECT_OBJC_ISA_USAGE = YES_ERROR;
				CLANG_WARN_DOCUMENTATION_COMMENTS = YES;
				CLANG_WARN_EMPTY_BODY = YES;
				CLANG_WARN_ENUM_CONVERSION = YES;
				CLANG_WARN_INFINITE_RECURSION = YES;
				CLANG_WARN_INT_CONVERSION = YES;
				CLANG_WARN_NON_LITERAL_NULL_CONVERSION = YES;
				CLANG_WARN_OBJC_IMPLICIT_RETAIN_SELF = YES;
				CLANG_WARN_OBJC_LITERAL_CONVERSION = YES;
				CLANG_WARN_OBJC_ROOT_CLASS = YES_ERROR;
				CLANG_WARN_RANGE_LOOP_ANALYSIS = YES;
				CLANG_WARN_STRICT_PROTOTYPES = YES;
				CLANG_WARN_SUSPICIOUS_MOVE = YES;
				CLANG_WARN_UNGUARDED_AVAILABILITY = YES_AGGRESSIVE;
				CLANG_WARN_UNREACHABLE_CODE = YES;
				CLANG_WARN__DUPLICATE_METHOD_MATCH = YES;
				CODE_SIGN_IDENTITY = "iPhone Developer";
				COPY_PHASE_STRIP = NO;
				DEBUG_INFORMATION_FORMAT = "dwarf-with-dsym";
				ENABLE_NS_ASSERTIONS = NO;
				ENABLE_STRICT_OBJC_MSGSEND = YES;
				GCC_C_LANGUAGE_STANDARD = gnu11;
				GCC_NO_COMMON_BLOCKS = YES;
				GCC_WARN_64_TO_32_BIT_CONVERSION = YES;
				GCC_WARN_ABOUT_RETURN_TYPE = YES_ERROR;
				GCC_WARN_UNDECLARED_SELECTOR = YES;
				GCC_WARN_UNINITIALIZED_AUTOS = YES_AGGRESSIVE;
				GCC_WARN_UNUSED_FUNCTION = YES;
				GCC_WARN_UNUSED_VARIABLE = YES;
				IPHONEOS_DEPLOYMENT_TARGET = 12.1;
				MTL_ENABLE_DEBUG_INFO = NO;
				MTL_FAST_MATH = YES;
				SDKROOT = iphoneos;
				SWIFT_COMPILATION_MODE = wholemodule;
				SWIFT_OPTIMIZATION_LEVEL = "-O";
				VALIDATE_PRODUCT = YES;
			};
			name = Release;
		};
		34CBEA6421C2A43000AE516B /* Debug */ = {
			isa = XCBuildConfiguration;
			buildSettings = {
				ASSETCATALOG_COMPILER_APPICON_NAME = AppIcon;
				CODE_SIGN_STYLE = Automatic;
				DEVELOPMENT_TEAM = VB6K9BRZJ7;
				INFOPLIST_FILE = xcodeserver/Info.plist;
				LD_RUNPATH_SEARCH_PATHS = (
					"$(inherited)",
					"@executable_path/Frameworks",
				);
				PRODUCT_BUNDLE_IDENTIFIER = com.milanderuiter.com.xcodeserver;
				PRODUCT_NAME = "$(TARGET_NAME)";
				SWIFT_VERSION = 4.2;
				TARGETED_DEVICE_FAMILY = "1,2";
			};
			name = Debug;
		};
		34CBEA6521C2A43000AE516B /* Release */ = {
			isa = XCBuildConfiguration;
			buildSettings = {
				ASSETCATALOG_COMPILER_APPICON_NAME = AppIcon;
				CODE_SIGN_STYLE = Automatic;
				DEVELOPMENT_TEAM = VB6K9BRZJ7;
				INFOPLIST_FILE = xcodeserver/Info.plist;
				LD_RUNPATH_SEARCH_PATHS = (
					"$(inherited)",
					"@executable_path/Frameworks",
				);
				PRODUCT_BUNDLE_IDENTIFIER = com.milanderuiter.com.xcodeserver;
				PRODUCT_NAME = "$(TARGET_NAME)";
				SWIFT_VERSION = 4.2;
				TARGETED_DEVICE_FAMILY = "1,2";
			};
			name = Release;
		};
		34CBEA6721C2A43000AE516B /* Debug */ = {
			isa = XCBuildConfiguration;
			buildSettings = {
				ALWAYS_EMBED_SWIFT_STANDARD_LIBRARIES = YES;
				BUNDLE_LOADER = "$(TEST_HOST)";
				CODE_SIGN_STYLE = Automatic;
				DEVELOPMENT_TEAM = VB6K9BRZJ7;
				INFOPLIST_FILE = xcodeserverTests/Info.plist;
				LD_RUNPATH_SEARCH_PATHS = (
					"$(inherited)",
					"@executable_path/Frameworks",
					"@loader_path/Frameworks",
				);
				PRODUCT_BUNDLE_IDENTIFIER = com.milanderuiter.com.xcodeserverTests;
				PRODUCT_NAME = "$(TARGET_NAME)";
				SWIFT_VERSION = 4.2;
				TARGETED_DEVICE_FAMILY = "1,2";
				TEST_HOST = "$(BUILT_PRODUCTS_DIR)/xcodeserver.app/xcodeserver";
			};
			name = Debug;
		};
		34CBEA6821C2A43000AE516B /* Release */ = {
			isa = XCBuildConfiguration;
			buildSettings = {
				ALWAYS_EMBED_SWIFT_STANDARD_LIBRARIES = YES;
				BUNDLE_LOADER = "$(TEST_HOST)";
				CODE_SIGN_STYLE = Automatic;
				DEVELOPMENT_TEAM = VB6K9BRZJ7;
				INFOPLIST_FILE = xcodeserverTests/Info.plist;
				LD_RUNPATH_SEARCH_PATHS = (
					"$(inherited)",
					"@executable_path/Frameworks",
					"@loader_path/Frameworks",
				);
				PRODUCT_BUNDLE_IDENTIFIER = com.milanderuiter.com.xcodeserverTests;
				PRODUCT_NAME = "$(TARGET_NAME)";
				SWIFT_VERSION = 4.2;
				TARGETED_DEVICE_FAMILY = "1,2";
				TEST_HOST = "$(BUILT_PRODUCTS_DIR)/xcodeserver.app/xcodeserver";
			};
			name = Release;
		};
/* End XCBuildConfiguration section */

/* Begin XCConfigurationList section */
		34CBEA4121C2A43000AE516B /* Build configuration list for PBXProject "xcodeserver" */ = {
			isa = XCConfigurationList;
			buildConfigurations = (
				34CBEA6121C2A43000AE516B /* Debug */,
				34CBEA6221C2A43000AE516B /* Release */,
			);
			defaultConfigurationIsVisible = 0;
			defaultConfigurationName = Release;
		};
		34CBEA6321C2A43000AE516B /* Build configuration list for PBXNativeTarget "xcodeserver" */ = {
			isa = XCConfigurationList;
			buildConfigurations = (
				34CBEA6421C2A43000AE516B /* Debug */,
				34CBEA6521C2A43000AE516B /* Release */,
			);
			defaultConfigurationIsVisible = 0;
			defaultConfigurationName = Release;
		};
		34CBEA6621C2A43000AE516B /* Build configuration list for PBXNativeTarget "xcodeserverTests" */ = {
			isa = XCConfigurationList;
			buildConfigurations = (
				34CBEA6721C2A43000AE516B /* Debug */,
				34CBEA6821C2A43000AE516B /* Release */,
			);
			defaultConfigurationIsVisible = 0;
			defaultConfigurationName = Release;
		};
/* End XCConfigurationList section */
	};
	rootObject = 34CBEA3E21C2A43000AE516B /* Project object */;
}
